
Microsoft Visual Studio Solution File, Format Version 12.00
# Visual Studio Version 17
VisualStudioVersion = 17.13.35931.197
MinimumVisualStudioVersion = 10.0.40219.1
Project("{FAE04EC0-301F-11D3-BF4B-00C04F79EFBC}") = "HelloCS", "HelloCS\HelloCS.csproj", "{F203C638-9F0F-4BFF-8D94-7D89E510BCC3}"
EndProject
Project("{FAE04EC0-301F-11D3-BF4B-00C04F79EFBC}") = "AboutMyEnvironment", "AboutMyEnvironment\AboutMyEnvironment.csproj", "{BAFC99BE-733A-4F66-AC77-C6E5FA843491}"
EndProject
Global
	GlobalSection(SolutionConfigurationPlatforms) = preSolution
		Debug|Any CPU = Debug|Any CPU
		Release|Any CPU = Release|Any CPU
	EndGlobalSection
	GlobalSection(ProjectConfigurationPlatforms) = postSolution
		{F203C638-9F0F-4BFF-8D94-7D89E510BCC3}.Debug|Any CPU.ActiveCfg = Debug|Any CPU
		{F203C638-9F0F-4BFF-8D94-7D89E510BCC3}.Debug|Any CPU.Build.0 = Debug|Any CPU
		{F203C638-9F0F-4BFF-8D94-7D89E510BCC3}.Release|Any CPU.ActiveCfg = Release|Any CPU
		{F203C638-9F0F-4BFF-8D94-7D89E510BCC3}.Release|Any CPU.Build.0 = Release|Any CPU
		{BAFC99BE-733A-4F66-AC77-C6E5FA843491}.Debug|Any CPU.ActiveCfg = Debug|Any CPU
		{BAFC99BE-733A-4F66-AC77-C6E5FA843491}.Debug|Any CPU.Build.0 = Debug|Any CPU
		{BAFC99BE-733A-4F66-AC77-C6E5FA843491}.Release|Any CPU.ActiveCfg = Release|Any CPU
		{BAFC99BE-733A-4F66-AC77-C6E5FA843491}.Release|Any CPU.Build.0 = Release|Any CPU
	EndGlobalSection
	GlobalSection(SolutionProperties) = preSolution
		HideSolutionNode = FALSE
	EndGlobalSection
	GlobalSection(ExtensibilityGlobals) = postSolution
		SolutionGuid = {3F343807-E26A-4481-8CAE-DEB8C17583CE}
	EndGlobalSection
EndGlobal
